// !$*UTF8*$!
{
	archiveVersion = 1;
	classes = {
	};
	objectVersion = 77;
	objects = {

/* Begin PBXBuildFile section */
		620255F92EE45A6F007C6F6E /* PasswordVaultAutoFillCredentialListView.swift in Sources */ = {isa = PBXBuildFile; fileRef = 620255F82EE45A6F007C6F6E /* PasswordVaultAutoFillCredentialListView.swift */; };
		620255FB2EE45A7B007C6F6E /* PasswordVaultAutoFillPremiumUpgradeView.swift in Sources */ = {isa = PBXBuildFile; fileRef = 620255FA2EE45A7B007C6F6E /* PasswordVaultAutoFillPremiumUpgradeView.swift */; };
		620255FD2EE45A82007C6F6E /* PasswordVaultAutoFillNoCredentialsView.swift in Sources */ = {isa = PBXBuildFile; fileRef = 620255FC2EE45A82007C6F6E /* PasswordVaultAutoFillNoCredentialsView.swift */; };
		620255FF2EE45A8D007C6F6E /* PasswordVaultAutoFillConfigurationView.swift in Sources */ = {isa = PBXBuildFile; fileRef = 620255FE2EE45A8D007C6F6E /* PasswordVaultAutoFillConfigurationView.swift */; };
		620256012EE45A95007C6F6E /* PasswordVaultAutoFillBiometricAuthService.swift in Sources */ = {isa = PBXBuildFile; fileRef = 620256002EE45A95007C6F6E /* PasswordVaultAutoFillBiometricAuthService.swift */; };
		620256022EE48EA3007C6F6E /* PasswordVaultAutoFillCredentialListView.swift in Sources */ = {isa = PBXBuildFile; fileRef = 620255F82EE45A6F007C6F6E /* PasswordVaultAutoFillCredentialListView.swift */; };
		620256032EE48FA2007C6F6E /* PasswordVaultAutoFillBiometricAuthService.swift in Sources */ = {isa = PBXBuildFile; fileRef = 620256002EE45A95007C6F6E /* PasswordVaultAutoFillBiometricAuthService.swift */; };
		620256042EE48FC2007C6F6E /* PasswordVaultAutoFillPremiumUpgradeView.swift in Sources */ = {isa = PBXBuildFile; fileRef = 620255FA2EE45A7B007C6F6E /* PasswordVaultAutoFillPremiumUpgradeView.swift */; };
		620256052EE48FE2007C6F6E /* PasswordVaultAutoFillNoCredentialsView.swift in Sources */ = {isa = PBXBuildFile; fileRef = 620255FC2EE45A82007C6F6E /* PasswordVaultAutoFillNoCredentialsView.swift */; };
		620256062EE48FFF007C6F6E /* PasswordVaultAutoFillConfigurationView.swift in Sources */ = {isa = PBXBuildFile; fileRef = 620255FE2EE45A8D007C6F6E /* PasswordVaultAutoFillConfigurationView.swift */; };
		620256072EE49099007C6F6E /* PasswordVaultAutoFillCredentialProviderViewController.swift in Sources */ = {isa = PBXBuildFile; fileRef = 620255F62EE45A60007C6F6E /* PasswordVaultAutoFillCredentialProviderViewController.swift */; };
		625FDB852EE0DAF200219362 /* AuthenticationServices.framework in Frameworks */ = {isa = PBXBuildFile; fileRef = 625FDB842EE0DAF200219362 /* AuthenticationServices.framework */; };
		625FDB902EE0DAF200219362 /* PasswordVaultAutoFill.appex in Embed Foundation Extensions */ = {isa = PBXBuildFile; fileRef = 625FDB822EE0DAF200219362 /* PasswordVaultAutoFill.appex */; settings = {ATTRIBUTES = (RemoveHeadersOnCopy, ); }; };
		625FDB982EE0DE3D00219362 /* StoreKit.framework in Frameworks */ = {isa = PBXBuildFile; fileRef = 625FDB972EE0DE3D00219362 /* StoreKit.framework */; };
		625FDBA92EE2FC1E00219362 /* Products.storekit in Resources */ = {isa = PBXBuildFile; fileRef = 625FDBA82EE2FC1E00219362 /* Products.storekit */; };
		625FDBAB2EE3045900219362 /* Credential.swift in Sources */ = {isa = PBXBuildFile; fileRef = 625FDBAA2EE3045900219362 /* Credential.swift */; };
		625FDBAD2EE3046700219362 /* PasswordGenerator.swift in Sources */ = {isa = PBXBuildFile; fileRef = 625FDBAC2EE3046700219362 /* PasswordGenerator.swift */; };
		625FDBAF2EE3047D00219362 /* KeychainService.swift in Sources */ = {isa = PBXBuildFile; fileRef = 625FDBAE2EE3047D00219362 /* KeychainService.swift */; };
		625FDBB12EE3049300219362 /* PremiumManager.swift in Sources */ = {isa = PBXBuildFile; fileRef = 625FDBB02EE3049300219362 /* PremiumManager.swift */; };
		625FDBB32EE304A700219362 /* PasswordHealthEngine.swift in Sources */ = {isa = PBXBuildFile; fileRef = 625FDBB22EE304A700219362 /* PasswordHealthEngine.swift */; };
		625FDBB52EE304AF00219362 /* GeneratorViewModel.swift in Sources */ = {isa = PBXBuildFile; fileRef = 625FDBB42EE304AF00219362 /* GeneratorViewModel.swift */; };
		625FDBB72EE304BE00219362 /* VaultViewModel.swift in Sources */ = {isa = PBXBuildFile; fileRef = 625FDBB62EE304BE00219362 /* VaultViewModel.swift */; };
		625FDBB92EE304C800219362 /* HealthViewModel.swift in Sources */ = {isa = PBXBuildFile; fileRef = 625FDBB82EE304C800219362 /* HealthViewModel.swift */; };
		625FDBBB2EE304D800219362 /* OnboardingFlowView.swift in Sources */ = {isa = PBXBuildFile; fileRef = 625FDBBA2EE304D800219362 /* OnboardingFlowView.swift */; };
		625FDBBD2EE304E900219362 /* PasswordGeneratorView.swift in Sources */ = {isa = PBXBuildFile; fileRef = 625FDBBC2EE304E900219362 /* PasswordGeneratorView.swift */; };
		625FDBBF2EE304F900219362 /* VaultListView.swift in Sources */ = {isa = PBXBuildFile; fileRef = 625FDBBE2EE304F900219362 /* VaultListView.swift */; };
		625FDBC32EE3051E00219362 /* AddCredentialView.swift in Sources */ = {isa = PBXBuildFile; fileRef = 625FDBC22EE3051E00219362 /* AddCredentialView.swift */; };
		625FDBC52EE3053300219362 /* HealthDashboardView.swift in Sources */ = {isa = PBXBuildFile; fileRef = 625FDBC42EE3053300219362 /* HealthDashboardView.swift */; };
		625FDBC72EE3054700219362 /* SettingsView.swift in Sources */ = {isa = PBXBuildFile; fileRef = 625FDBC62EE3054700219362 /* SettingsView.swift */; };
		625FDBC92EE305AA00219362 /* PaywallView.swift in Sources */ = {isa = PBXBuildFile; fileRef = 625FDBC82EE305AA00219362 /* PaywallView.swift */; };
		625FDBCB2EE305AD00219362 /* MainTabView.swift in Sources */ = {isa = PBXBuildFile; fileRef = 625FDBCA2EE305AD00219362 /* MainTabView.swift */; };
		625FDBCD2EE305B100219362 /* ExtensionCredentialListView.swift in Sources */ = {isa = PBXBuildFile; fileRef = 625FDBCC2EE305B100219362 /* ExtensionCredentialListView.swift */; };
		625FDBCF2EE305B400219362 /* ExtensionPremiumUpsellView.swift in Sources */ = {isa = PBXBuildFile; fileRef = 625FDBCE2EE305B400219362 /* ExtensionPremiumUpsellView.swift */; };
		625FDBD62EE3089200219362 /* Credential.swift in Sources */ = {isa = PBXBuildFile; fileRef = 625FDBAA2EE3045900219362 /* Credential.swift */; };
		625FDBD72EE308E400219362 /* KeychainService.swift in Sources */ = {isa = PBXBuildFile; fileRef = 625FDBAE2EE3047D00219362 /* KeychainService.swift */; };
		625FDBD82EE30DC200219362 /* ExtensionCredentialListView.swift in Sources */ = {isa = PBXBuildFile; fileRef = 625FDBCC2EE305B100219362 /* ExtensionCredentialListView.swift */; };
		625FDBD92EE30DE800219362 /* ExtensionPremiumUpsellView.swift in Sources */ = {isa = PBXBuildFile; fileRef = 625FDBCE2EE305B400219362 /* ExtensionPremiumUpsellView.swift */; };
		627DD3B42EEF8A0000AA9DD6 /* SecureKeychainService.swift in Sources */ = {isa = PBXBuildFile; fileRef = 627DD3B32EEF8A0000AA9DD6 /* SecureKeychainService.swift */; };
		627DD3B52EEF8A0000AA9DD6 /* SecureKeychainService.swift in Sources */ = {isa = PBXBuildFile; fileRef = 627DD3B32EEF8A0000AA9DD6 /* SecureKeychainService.swift */; };
		627DD3B72EEF8B0000AA9DD6 /* iCloudSyncManager.swift in Sources */ = {isa = PBXBuildFile; fileRef = 627DD3B62EEF8B0000AA9DD6 /* iCloudSyncManager.swift */; };
/* End PBXBuildFile section */

/* Begin PBXContainerItemProxy section */
		625FDB8E2EE0DAF200219362 /* PBXContainerItemProxy */ = {
			isa = PBXContainerItemProxy;
			containerPortal = 622F27B42EDFB6CD00EF7D3F /* Project object */;
			proxyType = 1;
			remoteGlobalIDString = 625FDB812EE0DAF200219362;
			remoteInfo = PasswordVaultAutoFill;
		};
/* End PBXContainerItemProxy section */

/* Begin PBXCopyFilesBuildPhase section */
		625FDB912EE0DAF200219362 /* Embed Foundation Extensions */ = {
			isa = PBXCopyFilesBuildPhase;
			buildActionMask = 2147483647;
			dstPath = "";
			dstSubfolderSpec = 13;
			files = (
				625FDB902EE0DAF200219362 /* PasswordVaultAutoFill.appex in Embed Foundation Extensions */,
			);
			name = "Embed Foundation Extensions";
			runOnlyForDeploymentPostprocessing = 0;
		};
/* End PBXCopyFilesBuildPhase section */

/* Begin PBXFileReference section */
		620255F62EE45A60007C6F6E /* PasswordVaultAutoFillCredentialProviderViewController.swift */ = {isa = PBXFileReference; lastKnownFileType = sourcecode.swift; path = PasswordVaultAutoFillCredentialProviderViewController.swift; sourceTree = "<group>"; };
		620255F82EE45A6F007C6F6E /* PasswordVaultAutoFillCredentialListView.swift */ = {isa = PBXFileReference; lastKnownFileType = sourcecode.swift; path = PasswordVaultAutoFillCredentialListView.swift; sourceTree = "<group>"; };
		620255FA2EE45A7B007C6F6E /* PasswordVaultAutoFillPremiumUpgradeView.swift */ = {isa = PBXFileReference; lastKnownFileType = sourcecode.swift; path = PasswordVaultAutoFillPremiumUpgradeView.swift; sourceTree = "<group>"; };
		620255FC2EE45A82007C6F6E /* PasswordVaultAutoFillNoCredentialsView.swift */ = {isa = PBXFileReference; lastKnownFileType = sourcecode.swift; path = PasswordVaultAutoFillNoCredentialsView.swift; sourceTree = "<group>"; };
		620255FE2EE45A8D007C6F6E /* PasswordVaultAutoFillConfigurationView.swift */ = {isa = PBXFileReference; lastKnownFileType = sourcecode.swift; path = PasswordVaultAutoFillConfigurationView.swift; sourceTree = "<group>"; };
		620256002EE45A95007C6F6E /* PasswordVaultAutoFillBiometricAuthService.swift */ = {isa = PBXFileReference; lastKnownFileType = sourcecode.swift; path = PasswordVaultAutoFillBiometricAuthService.swift; sourceTree = "<group>"; };
		622F27BC2EDFB6CD00EF7D3F /* PasswordVault.app */ = {isa = PBXFileReference; explicitFileType = wrapper.application; includeInIndex = 0; path = PasswordVault.app; sourceTree = BUILT_PRODUCTS_DIR; };
		625FDB822EE0DAF200219362 /* PasswordVaultAutoFill.appex */ = {isa = PBXFileReference; explicitFileType = "wrapper.app-extension"; includeInIndex = 0; path = PasswordVaultAutoFill.appex; sourceTree = BUILT_PRODUCTS_DIR; };
		625FDB842EE0DAF200219362 /* AuthenticationServices.framework */ = {isa = PBXFileReference; lastKnownFileType = wrapper.framework; name = AuthenticationServices.framework; path = System/Library/Frameworks/AuthenticationServices.framework; sourceTree = SDKROOT; };
		625FDB972EE0DE3D00219362 /* StoreKit.framework */ = {isa = PBXFileReference; lastKnownFileType = wrapper.framework; name = StoreKit.framework; path = System/Library/Frameworks/StoreKit.framework; sourceTree = SDKROOT; };
		625FDBA82EE2FC1E00219362 /* Products.storekit */ = {isa = PBXFileReference; lastKnownFileType = text; path = Products.storekit; sourceTree = "<group>"; };
		625FDBAA2EE3045900219362 /* Credential.swift */ = {isa = PBXFileReference; lastKnownFileType = sourcecode.swift; path = Credential.swift; sourceTree = "<group>"; };
		625FDBAC2EE3046700219362 /* PasswordGenerator.swift */ = {isa = PBXFileReference; lastKnownFileType = sourcecode.swift; path = PasswordGenerator.swift; sourceTree = "<group>"; };
		625FDBAE2EE3047D00219362 /* KeychainService.swift */ = {isa = PBXFileReference; lastKnownFileType = sourcecode.swift; path = KeychainService.swift; sourceTree = "<group>"; };
		625FDBB02EE3049300219362 /* PremiumManager.swift */ = {isa = PBXFileReference; lastKnownFileType = sourcecode.swift; path = PremiumManager.swift; sourceTree = "<group>"; };
		625FDBB22EE304A700219362 /* PasswordHealthEngine.swift */ = {isa = PBXFileReference; lastKnownFileType = sourcecode.swift; path = PasswordHealthEngine.swift; sourceTree = "<group>"; };
		625FDBB42EE304AF00219362 /* GeneratorViewModel.swift */ = {isa = PBXFileReference; lastKnownFileType = sourcecode.swift; path = GeneratorViewModel.swift; sourceTree = "<group>"; };
		625FDBB62EE304BE00219362 /* VaultViewModel.swift */ = {isa = PBXFileReference; lastKnownFileType = sourcecode.swift; path = VaultViewModel.swift; sourceTree = "<group>"; };
		625FDBB82EE304C800219362 /* HealthViewModel.swift */ = {isa = PBXFileReference; lastKnownFileType = sourcecode.swift; path = HealthViewModel.swift; sourceTree = "<group>"; };
		625FDBBA2EE304D800219362 /* OnboardingFlowView.swift */ = {isa = PBXFileReference; lastKnownFileType = sourcecode.swift; path = OnboardingFlowView.swift; sourceTree = "<group>"; };
		625FDBBC2EE304E900219362 /* PasswordGeneratorView.swift */ = {isa = PBXFileReference; lastKnownFileType = sourcecode.swift; path = PasswordGeneratorView.swift; sourceTree = "<group>"; };
		625FDBBE2EE304F900219362 /* VaultListView.swift */ = {isa = PBXFileReference; lastKnownFileType = sourcecode.swift; path = VaultListView.swift; sourceTree = "<group>"; };
		625FDBC22EE3051E00219362 /* AddCredentialView.swift */ = {isa = PBXFileReference; lastKnownFileType = sourcecode.swift; path = AddCredentialView.swift; sourceTree = "<group>"; };
		625FDBC42EE3053300219362 /* HealthDashboardView.swift */ = {isa = PBXFileReference; lastKnownFileType = sourcecode.swift; path = HealthDashboardView.swift; sourceTree = "<group>"; };
		625FDBC62EE3054700219362 /* SettingsView.swift */ = {isa = PBXFileReference; lastKnownFileType = sourcecode.swift; path = SettingsView.swift; sourceTree = "<group>"; };
		625FDBC82EE305AA00219362 /* PaywallView.swift */ = {isa = PBXFileReference; lastKnownFileType = sourcecode.swift; path = PaywallView.swift; sourceTree = "<group>"; };
		625FDBCA2EE305AD00219362 /* MainTabView.swift */ = {isa = PBXFileReference; lastKnownFileType = sourcecode.swift; path = MainTabView.swift; sourceTree = "<group>"; };
		625FDBCC2EE305B100219362 /* ExtensionCredentialListView.swift */ = {isa = PBXFileReference; lastKnownFileType = sourcecode.swift; path = ExtensionCredentialListView.swift; sourceTree = "<group>"; };
		625FDBCE2EE305B400219362 /* ExtensionPremiumUpsellView.swift */ = {isa = PBXFileReference; lastKnownFileType = sourcecode.swift; path = ExtensionPremiumUpsellView.swift; sourceTree = "<group>"; };
		627DD3B32EEF8A0000AA9DD6 /* SecureKeychainService.swift */ = {isa = PBXFileReference; lastKnownFileType = sourcecode.swift; path = SecureKeychainService.swift; sourceTree = "<group>"; };
		627DD3B62EEF8B0000AA9DD6 /* iCloudSyncManager.swift */ = {isa = PBXFileReference; lastKnownFileType = sourcecode.swift; path = iCloudSyncManager.swift; sourceTree = "<group>"; };
/* End PBXFileReference section */

/* Begin PBXFileSystemSynchronizedBuildFileExceptionSet section */
		625FDB942EE0DAF200219362 /* Exceptions for "PasswordVaultAutoFill" folder in "PasswordVaultAutoFill" target */ = {
			isa = PBXFileSystemSynchronizedBuildFileExceptionSet;
			membershipExceptions = (
				Info.plist,
			);
			target = 625FDB812EE0DAF200219362 /* PasswordVaultAutoFill */;
		};
/* End PBXFileSystemSynchronizedBuildFileExceptionSet section */

/* Begin PBXFileSystemSynchronizedRootGroup section */
		622F27BE2EDFB6CD00EF7D3F /* PasswordVault */ = {
			isa = PBXFileSystemSynchronizedRootGroup;
			path = PasswordVault;
			sourceTree = "<group>";
		};
		625FDB862EE0DAF200219362 /* PasswordVaultAutoFill */ = {
			isa = PBXFileSystemSynchronizedRootGroup;
			exceptions = (
				625FDB942EE0DAF200219362 /* Exceptions for "PasswordVaultAutoFill" folder in "PasswordVaultAutoFill" target */,
			);
			path = PasswordVaultAutoFill;
			sourceTree = "<group>";
		};
/* End PBXFileSystemSynchronizedRootGroup section */

/* Begin PBXFrameworksBuildPhase section */
		622F27B92EDFB6CD00EF7D3F /* Frameworks */ = {
			isa = PBXFrameworksBuildPhase;
			buildActionMask = 2147483647;
			files = (
				625FDB982EE0DE3D00219362 /* StoreKit.framework in Frameworks */,
			);
			runOnlyForDeploymentPostprocessing = 0;
		};
		625FDB7F2EE0DAF200219362 /* Frameworks */ = {
			isa = PBXFrameworksBuildPhase;
			buildActionMask = 2147483647;
			files = (
				625FDB852EE0DAF200219362 /* AuthenticationServices.framework in Frameworks */,
			);
			runOnlyForDeploymentPostprocessing = 0;
		};
/* End PBXFrameworksBuildPhase section */

/* Begin PBXGroup section */
		622F27B32EDFB6CD00EF7D3F = {
			isa = PBXGroup;
			children = (
				625FDBA82EE2FC1E00219362 /* Products.storekit */,
				622F27BE2EDFB6CD00EF7D3F /* PasswordVault */,
				625FDB862EE0DAF200219362 /* PasswordVaultAutoFill */,
				625FDB832EE0DAF200219362 /* Frameworks */,
				622F27BD2EDFB6CD00EF7D3F /* Products */,
				625FDBAA2EE3045900219362 /* Credential.swift */,
				625FDBAC2EE3046700219362 /* PasswordGenerator.swift */,
				625FDBAE2EE3047D00219362 /* KeychainService.swift */,
				627DD3B32EEF8A0000AA9DD6 /* SecureKeychainService.swift */,
				627DD3B62EEF8B0000AA9DD6 /* iCloudSyncManager.swift */,
				625FDBB02EE3049300219362 /* PremiumManager.swift */,
				625FDBB22EE304A700219362 /* PasswordHealthEngine.swift */,
				625FDBB42EE304AF00219362 /* GeneratorViewModel.swift */,
				625FDBB62EE304BE00219362 /* VaultViewModel.swift */,
				625FDBB82EE304C800219362 /* HealthViewModel.swift */,
				625FDBBA2EE304D800219362 /* OnboardingFlowView.swift */,
				625FDBBC2EE304E900219362 /* PasswordGeneratorView.swift */,
				625FDBBE2EE304F900219362 /* VaultListView.swift */,
				625FDBC22EE3051E00219362 /* AddCredentialView.swift */,
				625FDBC42EE3053300219362 /* HealthDashboardView.swift */,
				625FDBC62EE3054700219362 /* SettingsView.swift */,
				625FDBC82EE305AA00219362 /* PaywallView.swift */,
				625FDBCA2EE305AD00219362 /* MainTabView.swift */,
				625FDBCC2EE305B100219362 /* ExtensionCredentialListView.swift */,
				625FDBCE2EE305B400219362 /* ExtensionPremiumUpsellView.swift */,
				620255F62EE45A60007C6F6E /* PasswordVaultAutoFillCredentialProviderViewController.swift */,
				620255F82EE45A6F007C6F6E /* PasswordVaultAutoFillCredentialListView.swift */,
				620255FA2EE45A7B007C6F6E /* PasswordVaultAutoFillPremiumUpgradeView.swift */,
				620255FC2EE45A82007C6F6E /* PasswordVaultAutoFillNoCredentialsView.swift */,
				620255FE2EE45A8D007C6F6E /* PasswordVaultAutoFillConfigurationView.swift */,
				620256002EE45A95007C6F6E /* PasswordVaultAutoFillBiometricAuthService.swift */,
			);
			sourceTree = "<group>";
		};
		622F27BD2EDFB6CD00EF7D3F /* Products */ = {
			isa = PBXGroup;
			children = (
				622F27BC2EDFB6CD00EF7D3F /* PasswordVault.app */,
				625FDB822EE0DAF200219362 /* PasswordVaultAutoFill.appex */,
			);
			name = Products;
			sourceTree = "<group>";
		};
		625FDB832EE0DAF200219362 /* Frameworks */ = {
			isa = PBXGroup;
			children = (
				625FDB972EE0DE3D00219362 /* StoreKit.framework */,
				625FDB842EE0DAF200219362 /* AuthenticationServices.framework */,
			);
			name = Frameworks;
			sourceTree = "<group>";
		};
/* End PBXGroup section */

/* Begin PBXNativeTarget section */
		622F27BB2EDFB6CD00EF7D3F /* PasswordVault */ = {
			isa = PBXNativeTarget;
			buildConfigurationList = 622F27C72EDFB6CF00EF7D3F /* Build configuration list for PBXNativeTarget "PasswordVault" */;
			buildPhases = (
				622F27B82EDFB6CD00EF7D3F /* Sources */,
				622F27B92EDFB6CD00EF7D3F /* Frameworks */,
				622F27BA2EDFB6CD00EF7D3F /* Resources */,
				625FDB912EE0DAF200219362 /* Embed Foundation Extensions */,
			);
			buildRules = (
			);
			dependencies = (
				625FDB8F2EE0DAF200219362 /* PBXTargetDependency */,
			);
			fileSystemSynchronizedGroups = (
				622F27BE2EDFB6CD00EF7D3F /* PasswordVault */,
			);
			name = PasswordVault;
			packageProductDependencies = (
			);
			productName = PasswordVault;
			productReference = 622F27BC2EDFB6CD00EF7D3F /* PasswordVault.app */;
			productType = "com.apple.product-type.application";
		};
		625FDB812EE0DAF200219362 /* PasswordVaultAutoFill */ = {
			isa = PBXNativeTarget;
			buildConfigurationList = 625FDB952EE0DAF200219362 /* Build configuration list for PBXNativeTarget "PasswordVaultAutoFill" */;
			buildPhases = (
				625FDB7E2EE0DAF200219362 /* Sources */,
				625FDB7F2EE0DAF200219362 /* Frameworks */,
				625FDB802EE0DAF200219362 /* Resources */,
			);
			buildRules = (
			);
			dependencies = (
			);
			fileSystemSynchronizedGroups = (
				625FDB862EE0DAF200219362 /* PasswordVaultAutoFill */,
			);
			name = PasswordVaultAutoFill;
			packageProductDependencies = (
			);
			productName = PasswordVaultAutoFill;
			productReference = 625FDB822EE0DAF200219362 /* PasswordVaultAutoFill.appex */;
			productType = "com.apple.product-type.app-extension";
		};
/* End PBXNativeTarget section */

/* Begin PBXProject section */
		622F27B42EDFB6CD00EF7D3F /* Project object */ = {
			isa = PBXProject;
			attributes = {
				BuildIndependentTargetsInParallel = 1;
				LastSwiftUpdateCheck = 2610;
				LastUpgradeCheck = 2610;
				TargetAttributes = {
					622F27BB2EDFB6CD00EF7D3F = {
						CreatedOnToolsVersion = 26.1.1;
					};
					625FDB812EE0DAF200219362 = {
						CreatedOnToolsVersion = 26.1.1;
					};
				};
			};
			buildConfigurationList = 622F27B72EDFB6CD00EF7D3F /* Build configuration list for PBXProject "PasswordVault" */;
			developmentRegion = en;
			hasScannedForEncodings = 0;
			knownRegions = (
				en,
				Base,
			);
			mainGroup = 622F27B32EDFB6CD00EF7D3F;
			minimizedProjectReferenceProxies = 1;
			preferredProjectObjectVersion = 77;
			productRefGroup = 622F27BD2EDFB6CD00EF7D3F /* Products */;
			projectDirPath = "";
			projectRoot = "";
			targets = (
				622F27BB2EDFB6CD00EF7D3F /* PasswordVault */,
				625FDB812EE0DAF200219362 /* PasswordVaultAutoFill */,
			);
		};
/* End PBXProject section */

/* Begin PBXResourcesBuildPhase section */
		622F27BA2EDFB6CD00EF7D3F /* Resources */ = {
			isa = PBXResourcesBuildPhase;
			buildActionMask = 2147483647;
			files = (
				625FDBA92EE2FC1E00219362 /* Products.storekit in Resources */,
			);
			runOnlyForDeploymentPostprocessing = 0;
		};
		625FDB802EE0DAF200219362 /* Resources */ = {
			isa = PBXResourcesBuildPhase;
			buildActionMask = 2147483647;
			files = (
			);
			runOnlyForDeploymentPostprocessing = 0;
		};
/* End PBXResourcesBuildPhase section */

/* Begin PBXSourcesBuildPhase section */
		622F27B82EDFB6CD00EF7D3F /* Sources */ = {
			isa = PBXSourcesBuildPhase;
			buildActionMask = 2147483647;
			files = (
				625FDBBB2EE304D800219362 /* OnboardingFlowView.swift in Sources */,
				620256012EE45A95007C6F6E /* PasswordVaultAutoFillBiometricAuthService.swift in Sources */,
				625FDBC92EE305AA00219362 /* PaywallView.swift in Sources */,
				625FDBAD2EE3046700219362 /* PasswordGenerator.swift in Sources */,
				620255FF2EE45A8D007C6F6E /* PasswordVaultAutoFillConfigurationView.swift in Sources */,
				620255FD2EE45A82007C6F6E /* PasswordVaultAutoFillNoCredentialsView.swift in Sources */,
				625FDBB72EE304BE00219362 /* VaultViewModel.swift in Sources */,
				625FDBB12EE3049300219362 /* PremiumManager.swift in Sources */,
				625FDBCB2EE305AD00219362 /* MainTabView.swift in Sources */,
				625FDBBF2EE304F900219362 /* VaultListView.swift in Sources */,
				620255FB2EE45A7B007C6F6E /* PasswordVaultAutoFillPremiumUpgradeView.swift in Sources */,
				625FDBC72EE3054700219362 /* SettingsView.swift in Sources */,
				625FDBCF2EE305B400219362 /* ExtensionPremiumUpsellView.swift in Sources */,
				625FDBCD2EE305B100219362 /* ExtensionCredentialListView.swift in Sources */,
				625FDBAB2EE3045900219362 /* Credential.swift in Sources */,
				625FDBAF2EE3047D00219362 /* KeychainService.swift in Sources */,
				627DD3B42EEF8A0000AA9DD6 /* SecureKeychainService.swift in Sources */,
				627DD3B72EEF8B0000AA9DD6 /* iCloudSyncManager.swift in Sources */,
				625FDBB52EE304AF00219362 /* GeneratorViewModel.swift in Sources */,
				625FDBC32EE3051E00219362 /* AddCredentialView.swift in Sources */,
				625FDBB92EE304C800219362 /* HealthViewModel.swift in Sources */,
				620255F92EE45A6F007C6F6E /* PasswordVaultAutoFillCredentialListView.swift in Sources */,
				625FDBB32EE304A700219362 /* PasswordHealthEngine.swift in Sources */,
				625FDBC52EE3053300219362 /* HealthDashboardView.swift in Sources */,
				625FDBBD2EE304E900219362 /* PasswordGeneratorView.swift in Sources */,
			);
			runOnlyForDeploymentPostprocessing = 0;
		};
		625FDB7E2EE0DAF200219362 /* Sources */ = {
			isa = PBXSourcesBuildPhase;
			buildActionMask = 2147483647;
			files = (
				625FDBD62EE3089200219362 /* Credential.swift in Sources */,
				620256042EE48FC2007C6F6E /* PasswordVaultAutoFillPremiumUpgradeView.swift in Sources */,
				625FDBD92EE30DE800219362 /* ExtensionPremiumUpsellView.swift in Sources */,
				620256072EE49099007C6F6E /* PasswordVaultAutoFillCredentialProviderViewController.swift in Sources */,
				625FDBD82EE30DC200219362 /* ExtensionCredentialListView.swift in Sources */,
				625FDBD72EE308E400219362 /* KeychainService.swift in Sources */,
				627DD3B52EEF8A0000AA9DD6 /* SecureKeychainService.swift in Sources */,
				620256062EE48FFF007C6F6E /* PasswordVaultAutoFillConfigurationView.swift in Sources */,
				620256032EE48FA2007C6F6E /* PasswordVaultAutoFillBiometricAuthService.swift in Sources */,
				620256052EE48FE2007C6F6E /* PasswordVaultAutoFillNoCredentialsView.swift in Sources */,
				620256022EE48EA3007C6F6E /* PasswordVaultAutoFillCredentialListView.swift in Sources */,
			);
			runOnlyForDeploymentPostprocessing = 0;
		};
/* End PBXSourcesBuildPhase section */

/* Begin PBXTargetDependency section */
		625FDB8F2EE0DAF200219362 /* PBXTargetDependency */ = {
			isa = PBXTargetDependency;
			target = 625FDB812EE0DAF200219362 /* PasswordVaultAutoFill */;
			targetProxy = 625FDB8E2EE0DAF200219362 /* PBXContainerItemProxy */;
		};
/* End PBXTargetDependency section */

/* Begin XCBuildConfiguration section */
		622F27C52EDFB6CF00EF7D3F /* Debug */ = {
			isa = XCBuildConfiguration;
			buildSettings = {
				ALWAYS_SEARCH_USER_PATHS = NO;
				ASSETCATALOG_COMPILER_GENERATE_SWIFT_ASSET_SYMBOL_EXTENSIONS = YES;
				CLANG_ANALYZER_NONNULL = YES;
				CLANG_ANALYZER_NUMBER_OBJECT_CONVERSION = YES_AGGRESSIVE;
				CLANG_CXX_LANGUAGE_STANDARD = "gnu++20";
				CLANG_ENABLE_MODULES = YES;
				CLANG_ENABLE_OBJC_ARC = YES;
				CLANG_ENABLE_OBJC_WEAK = YES;
				CLANG_WARN_BLOCK_CAPTURE_AUTORELEASING = YES;
				CLANG_WARN_BOOL_CONVERSION = YES;
				CLANG_WARN_COMMA = YES;
				CLANG_WARN_CONSTANT_CONVERSION = YES;
				CLANG_WARN_DEPRECATED_OBJC_IMPLEMENTATIONS = YES;
				CLANG_WARN_DIRECT_OBJC_ISA_USAGE = YES_ERROR;
				CLANG_WARN_DOCUMENTATION_COMMENTS = YES;
				CLANG_WARN_EMPTY_BODY = YES;
				CLANG_WARN_ENUM_CONVERSION = YES;
				CLANG_WARN_INFINITE_RECURSION = YES;
				CLANG_WARN_INT_CONVERSION = YES;
				CLANG_WARN_NON_LITERAL_NULL_CONVERSION = YES;
				CLANG_WARN_OBJC_IMPLICIT_RETAIN_SELF = YES;
				CLANG_WARN_OBJC_LITERAL_CONVERSION = YES;
				CLANG_WARN_OBJC_ROOT_CLASS = YES_ERROR;
				CLANG_WARN_QUOTED_INCLUDE_IN_FRAMEWORK_HEADER = YES;
				CLANG_WARN_RANGE_LOOP_ANALYSIS = YES;
				CLANG_WARN_STRICT_PROTOTYPES = YES;
				CLANG_WARN_SUSPICIOUS_MOVE = YES;
				CLANG_WARN_UNGUARDED_AVAILABILITY = YES_AGGRESSIVE;
				CLANG_WARN_UNREACHABLE_CODE = YES;
				CLANG_WARN__DUPLICATE_METHOD_MATCH = YES;
				COPY_PHASE_STRIP = NO;
				DEBUG_INFORMATION_FORMAT = dwarf;
				DEVELOPMENT_TEAM = Y7JDKP76G9;
				ENABLE_STRICT_OBJC_MSGSEND = YES;
				ENABLE_TESTABILITY = YES;
				ENABLE_USER_SCRIPT_SANDBOXING = YES;
				GCC_C_LANGUAGE_STANDARD = gnu17;
				GCC_DYNAMIC_NO_PIC = NO;
				GCC_NO_COMMON_BLOCKS = YES;
				GCC_OPTIMIZATION_LEVEL = 0;
				GCC_PREPROCESSOR_DEFINITIONS = (
					"DEBUG=1",
					"$(inherited)",
				);
				GCC_WARN_64_TO_32_BIT_CONVERSION = YES;
				GCC_WARN_ABOUT_RETURN_TYPE = YES_ERROR;
				GCC_WARN_UNDECLARED_SELECTOR = YES;
				GCC_WARN_UNINITIALIZED_AUTOS = YES_AGGRESSIVE;
				GCC_WARN_UNUSED_FUNCTION = YES;
				GCC_WARN_UNUSED_VARIABLE = YES;
				IPHONEOS_DEPLOYMENT_TARGET = 26.1;
				LOCALIZATION_PREFERS_STRING_CATALOGS = YES;
				MTL_ENABLE_DEBUG_INFO = INCLUDE_SOURCE;
				MTL_FAST_MATH = YES;
				ONLY_ACTIVE_ARCH = YES;
				SDKROOT = iphoneos;
				SWIFT_ACTIVE_COMPILATION_CONDITIONS = "DEBUG $(inherited)";
				SWIFT_OPTIMIZATION_LEVEL = "-Onone";
			};
			name = Debug;
		};
		622F27C62EDFB6CF00EF7D3F /* Release */ = {
			isa = XCBuildConfiguration;
			buildSettings = {
				ALWAYS_SEARCH_USER_PATHS = NO;
				ASSETCATALOG_COMPILER_GENERATE_SWIFT_ASSET_SYMBOL_EXTENSIONS = YES;
				CLANG_ANALYZER_NONNULL = YES;
				CLANG_ANALYZER_NUMBER_OBJECT_CONVERSION = YES_AGGRESSIVE;
				CLANG_CXX_LANGUAGE_STANDARD = "gnu++20";
				CLANG_ENABLE_MODULES = YES;
				CLANG_ENABLE_OBJC_ARC = YES;
				CLANG_ENABLE_OBJC_WEAK = YES;
				CLANG_WARN_BLOCK_CAPTURE_AUTORELEASING = YES;
				CLANG_WARN_BOOL_CONVERSION = YES;
				CLANG_WARN_COMMA = YES;
				CLANG_WARN_CONSTANT_CONVERSION = YES;
				CLANG_WARN_DEPRECATED_OBJC_IMPLEMENTATIONS = YES;
				CLANG_WARN_DIRECT_OBJC_ISA_USAGE = YES_ERROR;
				CLANG_WARN_DOCUMENTATION_COMMENTS = YES;
				CLANG_WARN_EMPTY_BODY = YES;
				CLANG_WARN_ENUM_CONVERSION = YES;
				CLANG_WARN_INFINITE_RECURSION = YES;
				CLANG_WARN_INT_CONVERSION = YES;
				CLANG_WARN_NON_LITERAL_NULL_CONVERSION = YES;
				CLANG_WARN_OBJC_IMPLICIT_RETAIN_SELF = YES;
				CLANG_WARN_OBJC_LITERAL_CONVERSION = YES;
				CLANG_WARN_OBJC_ROOT_CLASS = YES_ERROR;
				CLANG_WARN_QUOTED_INCLUDE_IN_FRAMEWORK_HEADER = YES;
				CLANG_WARN_RANGE_LOOP_ANALYSIS = YES;
				CLANG_WARN_STRICT_PROTOTYPES = YES;
				CLANG_WARN_SUSPICIOUS_MOVE = YES;
				CLANG_WARN_UNGUARDED_AVAILABILITY = YES_AGGRESSIVE;
				CLANG_WARN_UNREACHABLE_CODE = YES;
				CLANG_WARN__DUPLICATE_METHOD_MATCH = YES;
				COPY_PHASE_STRIP = NO;
				DEBUG_INFORMATION_FORMAT = "dwarf-with-dsym";
				DEVELOPMENT_TEAM = Y7JDKP76G9;
				ENABLE_NS_ASSERTIONS = NO;
				ENABLE_STRICT_OBJC_MSGSEND = YES;
				ENABLE_USER_SCRIPT_SANDBOXING = YES;
				GCC_C_LANGUAGE_STANDARD = gnu17;
				GCC_NO_COMMON_BLOCKS = YES;
				GCC_WARN_64_TO_32_BIT_CONVERSION = YES;
				GCC_WARN_ABOUT_RETURN_TYPE = YES_ERROR;
				GCC_WARN_UNDECLARED_SELECTOR = YES;
				GCC_WARN_UNINITIALIZED_AUTOS = YES_AGGRESSIVE;
				GCC_WARN_UNUSED_FUNCTION = YES;
				GCC_WARN_UNUSED_VARIABLE = YES;
				IPHONEOS_DEPLOYMENT_TARGET = 26.1;
				LOCALIZATION_PREFERS_STRING_CATALOGS = YES;
				MTL_ENABLE_DEBUG_INFO = NO;
				MTL_FAST_MATH = YES;
				SDKROOT = iphoneos;
				SWIFT_COMPILATION_MODE = wholemodule;
				VALIDATE_PRODUCT = YES;
			};
			name = Release;
		};
		622F27C82EDFB6CF00EF7D3F /* Debug */ = {
			isa = XCBuildConfiguration;
			buildSettings = {
				ASSETCATALOG_COMPILER_APPICON_NAME = AppIcon;
				ASSETCATALOG_COMPILER_GLOBAL_ACCENT_COLOR_NAME = AccentColor;
				CODE_SIGN_ENTITLEMENTS = PasswordVault/PasswordVault.entitlements;
				CODE_SIGN_STYLE = Automatic;
				CURRENT_PROJECT_VERSION = 1;
				DEVELOPMENT_TEAM = Y7JDKP76G9;
				ENABLE_PREVIEWS = YES;
				GENERATE_INFOPLIST_FILE = YES;
				"INFOPLIST_FILE[sdk=*]" = "";
				INFOPLIST_KEY_UIApplicationSceneManifest_Generation = YES;
				INFOPLIST_KEY_UIApplicationSupportsIndirectInputEvents = YES;
				INFOPLIST_KEY_UILaunchScreen_Generation = YES;
				INFOPLIST_KEY_UISupportedInterfaceOrientations_iPad = "UIInterfaceOrientationPortrait UIInterfaceOrientationPortraitUpsideDown UIInterfaceOrientationLandscapeLeft UIInterfaceOrientationLandscapeRight";
				INFOPLIST_KEY_UISupportedInterfaceOrientations_iPhone = "UIInterfaceOrientationPortrait UIInterfaceOrientationLandscapeLeft UIInterfaceOrientationLandscapeRight";
				LD_RUNPATH_SEARCH_PATHS = (
					"$(inherited)",
					"@executable_path/Frameworks",
				);
				MARKETING_VERSION = 1.0;
				PRODUCT_BUNDLE_IDENTIFIER = co.uk.techjonesai.PasswordVault;
				PRODUCT_NAME = "$(TARGET_NAME)";
				STRING_CATALOG_GENERATE_SYMBOLS = YES;
				SWIFT_APPROACHABLE_CONCURRENCY = YES;
				SWIFT_DEFAULT_ACTOR_ISOLATION = MainActor;
				SWIFT_EMIT_LOC_STRINGS = YES;
				SWIFT_UPCOMING_FEATURE_MEMBER_IMPORT_VISIBILITY = YES;
				SWIFT_VERSION = 5.0;
				TARGETED_DEVICE_FAMILY = "1,2";
			};
			name = Debug;
		};
		622F27C92EDFB6CF00EF7D3F /* Release */ = {
			isa = XCBuildConfiguration;
			buildSettings = {
				ASSETCATALOG_COMPILER_APPICON_NAME = AppIcon;
				ASSETCATALOG_COMPILER_GLOBAL_ACCENT_COLOR_NAME = AccentColor;
				CODE_SIGN_ENTITLEMENTS = PasswordVault/PasswordVault.entitlements;
				CODE_SIGN_STYLE = Automatic;
				CURRENT_PROJECT_VERSION = 1;
				DEVELOPMENT_TEAM = Y7JDKP76G9;
				ENABLE_PREVIEWS = YES;
				GENERATE_INFOPLIST_FILE = YES;
				"INFOPLIST_FILE[sdk=*]" = "";
				INFOPLIST_KEY_UIApplicationSceneManifest_Generation = YES;
				INFOPLIST_KEY_UIApplicationSupportsIndirectInputEvents = YES;
				INFOPLIST_KEY_UILaunchScreen_Generation = YES;
				INFOPLIST_KEY_UISupportedInterfaceOrientations_iPad = "UIInterfaceOrientationPortrait UIInterfaceOrientationPortraitUpsideDown UIInterfaceOrientationLandscapeLeft UIInterfaceOrientationLandscapeRight";
				INFOPLIST_KEY_UISupportedInterfaceOrientations_iPhone = "UIInterfaceOrientationPortrait UIInterfaceOrientationLandscapeLeft UIInterfaceOrientationLandscapeRight";
				LD_RUNPATH_SEARCH_PATHS = (
					"$(inherited)",
					"@executable_path/Frameworks",
				);
				MARKETING_VERSION = 1.0;
				PRODUCT_BUNDLE_IDENTIFIER = co.uk.techjonesai.PasswordVault;
				PRODUCT_NAME = "$(TARGET_NAME)";
				STRING_CATALOG_GENERATE_SYMBOLS = YES;
				SWIFT_APPROACHABLE_CONCURRENCY = YES;
				SWIFT_DEFAULT_ACTOR_ISOLATION = MainActor;
				SWIFT_EMIT_LOC_STRINGS = YES;
				SWIFT_UPCOMING_FEATURE_MEMBER_IMPORT_VISIBILITY = YES;
				SWIFT_VERSION = 5.0;
				TARGETED_DEVICE_FAMILY = "1,2";
			};
			name = Release;
		};
		625FDB922EE0DAF200219362 /* Debug */ = {
			isa = XCBuildConfiguration;
			buildSettings = {
				CODE_SIGN_ENTITLEMENTS = PasswordVaultAutoFill/PasswordVaultAutoFill.entitlements;
				CODE_SIGN_STYLE = Automatic;
				CURRENT_PROJECT_VERSION = 1;
				DEVELOPMENT_TEAM = Y7JDKP76G9;
				GENERATE_INFOPLIST_FILE = NO;
				INFOPLIST_FILE = PasswordVaultAutoFill/Info.plist;
				INFOPLIST_KEY_CFBundleDisplayName = PasswordVaultAutoFill;
				INFOPLIST_KEY_NSHumanReadableCopyright = "";
				LD_RUNPATH_SEARCH_PATHS = (
					"$(inherited)",
					"@executable_path/Frameworks",
					"@executable_path/../../Frameworks",
				);
				MARKETING_VERSION = 1.0;
				PRODUCT_BUNDLE_IDENTIFIER = co.uk.techjonesai.PasswordVault.PasswordVaultAutoFill;
				PRODUCT_NAME = "$(TARGET_NAME)";
				SKIP_INSTALL = YES;
				STRING_CATALOG_GENERATE_SYMBOLS = YES;
				SWIFT_APPROACHABLE_CONCURRENCY = YES;
				SWIFT_EMIT_LOC_STRINGS = YES;
				SWIFT_UPCOMING_FEATURE_MEMBER_IMPORT_VISIBILITY = YES;
				SWIFT_VERSION = 5.0;
				TARGETED_DEVICE_FAMILY = "1,2";
			};
			name = Debug;
		};
		625FDB932EE0DAF200219362 /* Release */ = {
			isa = XCBuildConfiguration;
			buildSettings = {
				CODE_SIGN_ENTITLEMENTS = PasswordVaultAutoFill/PasswordVaultAutoFill.entitlements;
				CODE_SIGN_STYLE = Automatic;
				CURRENT_PROJECT_VERSION = 1;
				DEVELOPMENT_TEAM = Y7JDKP76G9;
				GENERATE_INFOPLIST_FILE = NO;
				INFOPLIST_FILE = PasswordVaultAutoFill/Info.plist;
				INFOPLIST_KEY_CFBundleDisplayName = PasswordVaultAutoFill;
				INFOPLIST_KEY_NSHumanReadableCopyright = "";
				LD_RUNPATH_SEARCH_PATHS = (
					"$(inherited)",
					"@executable_path/Frameworks",
					"@executable_path/../../Frameworks",
				);
				MARKETING_VERSION = 1.0;
				PRODUCT_BUNDLE_IDENTIFIER = co.uk.techjonesai.PasswordVault.PasswordVaultAutoFill;
				PRODUCT_NAME = "$(TARGET_NAME)";
				SKIP_INSTALL = YES;
				STRING_CATALOG_GENERATE_SYMBOLS = YES;
				SWIFT_APPROACHABLE_CONCURRENCY = YES;
				SWIFT_EMIT_LOC_STRINGS = YES;
				SWIFT_UPCOMING_FEATURE_MEMBER_IMPORT_VISIBILITY = YES;
				SWIFT_VERSION = 5.0;
				TARGETED_DEVICE_FAMILY = "1,2";
			};
			name = Release;
		};
/* End XCBuildConfiguration section */

/* Begin XCConfigurationList section */
		622F27B72EDFB6CD00EF7D3F /* Build configuration list for PBXProject "PasswordVault" */ = {
			isa = XCConfigurationList;
			buildConfigurations = (
				622F27C52EDFB6CF00EF7D3F /* Debug */,
				622F27C62EDFB6CF00EF7D3F /* Release */,
			);
			defaultConfigurationIsVisible = 0;
			defaultConfigurationName = Release;
		};
		622F27C72EDFB6CF00EF7D3F /* Build configuration list for PBXNativeTarget "PasswordVault" */ = {
			isa = XCConfigurationList;
			buildConfigurations = (
				622F27C82EDFB6CF00EF7D3F /* Debug */,
				622F27C92EDFB6CF00EF7D3F /* Release */,
			);
			defaultConfigurationIsVisible = 0;
			defaultConfigurationName = Release;
		};
		625FDB952EE0DAF200219362 /* Build configuration list for PBXNativeTarget "PasswordVaultAutoFill" */ = {
			isa = XCConfigurationList;
			buildConfigurations = (
				625FDB922EE0DAF200219362 /* Debug */,
				625FDB932EE0DAF200219362 /* Release */,
			);
			defaultConfigurationIsVisible = 0;
			defaultConfigurationName = Release;
		};
/* End XCConfigurationList section */
	};
	rootObject = 622F27B42EDFB6CD00EF7D3F /* Project object */;
}
